
Microsoft Visual Studio Solution File, Format Version 12.00
# Visual Studio Version 17
VisualStudioVersion = 17.0.31903.59
MinimumVisualStudioVersion = 10.0.40219.1
Project("{FAE04EC0-301F-11D3-BF4B-00C04F79EFBC}") = "RightSize", "RightSize\RightSize.csproj", "{E48A044C-03F5-4FF5-A2D7-13D38AD9B78C}"
EndProject
Project("{FAE04EC0-301F-11D3-BF4B-00C04F79EFBC}") = "ChangeString", "ChangeString\ChangeString.csproj", "{FC10A419-788A-43B8-A8F1-C52F1C203D95}"
EndProject
Project("{FAE04EC0-301F-11D3-BF4B-00C04F79EFBC}") = "ArrayMul", "ArrayMul\ArrayMul.csproj", "{86C38F73-B747-4A4C-BA8D-7719144DB0CF}"
EndProject
Project("{FAE04EC0-301F-11D3-BF4B-00C04F79EFBC}") = "HeroPerk", "HeroPerk\HeroPerk.csproj", "{97C70370-FF83-41E4-9ACD-32CECFA685AB}"
EndProject
Project("{FAE04EC0-301F-11D3-BF4B-00C04F79EFBC}") = "Pow2Until", "Pow2Until\Pow2Until.csproj", "{46D4BE31-FE67-476D-99B8-B9D39F23454D}"
EndProject
Global
	GlobalSection(SolutionConfigurationPlatforms) = preSolution
		Debug|Any CPU = Debug|Any CPU
		Release|Any CPU = Release|Any CPU
	EndGlobalSection
	GlobalSection(SolutionProperties) = preSolution
		HideSolutionNode = FALSE
	EndGlobalSection
	GlobalSection(ProjectConfigurationPlatforms) = postSolution
		{E48A044C-03F5-4FF5-A2D7-13D38AD9B78C}.Debug|Any CPU.ActiveCfg = Debug|Any CPU
		{E48A044C-03F5-4FF5-A2D7-13D38AD9B78C}.Debug|Any CPU.Build.0 = Debug|Any CPU
		{E48A044C-03F5-4FF5-A2D7-13D38AD9B78C}.Release|Any CPU.ActiveCfg = Release|Any CPU
		{E48A044C-03F5-4FF5-A2D7-13D38AD9B78C}.Release|Any CPU.Build.0 = Release|Any CPU
		{FC10A419-788A-43B8-A8F1-C52F1C203D95}.Debug|Any CPU.ActiveCfg = Debug|Any CPU
		{FC10A419-788A-43B8-A8F1-C52F1C203D95}.Debug|Any CPU.Build.0 = Debug|Any CPU
		{FC10A419-788A-43B8-A8F1-C52F1C203D95}.Release|Any CPU.ActiveCfg = Release|Any CPU
		{FC10A419-788A-43B8-A8F1-C52F1C203D95}.Release|Any CPU.Build.0 = Release|Any CPU
		{86C38F73-B747-4A4C-BA8D-7719144DB0CF}.Debug|Any CPU.ActiveCfg = Debug|Any CPU
		{86C38F73-B747-4A4C-BA8D-7719144DB0CF}.Debug|Any CPU.Build.0 = Debug|Any CPU
		{86C38F73-B747-4A4C-BA8D-7719144DB0CF}.Release|Any CPU.ActiveCfg = Release|Any CPU
		{86C38F73-B747-4A4C-BA8D-7719144DB0CF}.Release|Any CPU.Build.0 = Release|Any CPU
		{97C70370-FF83-41E4-9ACD-32CECFA685AB}.Debug|Any CPU.ActiveCfg = Debug|Any CPU
		{97C70370-FF83-41E4-9ACD-32CECFA685AB}.Debug|Any CPU.Build.0 = Debug|Any CPU
		{97C70370-FF83-41E4-9ACD-32CECFA685AB}.Release|Any CPU.ActiveCfg = Release|Any CPU
		{97C70370-FF83-41E4-9ACD-32CECFA685AB}.Release|Any CPU.Build.0 = Release|Any CPU
		{46D4BE31-FE67-476D-99B8-B9D39F23454D}.Debug|Any CPU.ActiveCfg = Debug|Any CPU
		{46D4BE31-FE67-476D-99B8-B9D39F23454D}.Debug|Any CPU.Build.0 = Debug|Any CPU
		{46D4BE31-FE67-476D-99B8-B9D39F23454D}.Release|Any CPU.ActiveCfg = Release|Any CPU
		{46D4BE31-FE67-476D-99B8-B9D39F23454D}.Release|Any CPU.Build.0 = Release|Any CPU
	EndGlobalSection
EndGlobal
